// !$*UTF8*$!
{
	archiveVersion = 1;
	classes = {
	};
	objectVersion = 56;
	objects = {

/* Begin PBXBuildFile section */
		A606967D2ABD5BA800AF8D6A /* Coordinator.swift in Sources */ = {isa = PBXBuildFile; fileRef = A606967C2ABD5BA800AF8D6A /* Coordinator.swift */; };
		A606967F2ABD61B200AF8D6A /* CoordinatorView.swift in Sources */ = {isa = PBXBuildFile; fileRef = A606967E2ABD61B200AF8D6A /* CoordinatorView.swift */; };
		A668AAA82AA5D819005D71BD /* AssessmentAuthentication in Frameworks */ = {isa = PBXBuildFile; productRef = A668AAA72AA5D819005D71BD /* AssessmentAuthentication */; };
		A6D8785F2AB03085009E807A /* AssessmentHome in Frameworks */ = {isa = PBXBuildFile; productRef = A6D8785E2AB03085009E807A /* AssessmentHome */; };
		A6D8DD0E2AAB22E1006B23D5 /* GoogleService-Info.plist in Resources */ = {isa = PBXBuildFile; fileRef = A6D8DD0D2AAB22E0006B23D5 /* GoogleService-Info.plist */; };
		A6EAD6DA2AA0CB3100B10C68 /* AssessmentDemoApp.swift in Sources */ = {isa = PBXBuildFile; fileRef = A6EAD6D92AA0CB3100B10C68 /* AssessmentDemoApp.swift */; };
		A6EAD6DC2AA0CB3100B10C68 /* ContentView.swift in Sources */ = {isa = PBXBuildFile; fileRef = A6EAD6DB2AA0CB3100B10C68 /* ContentView.swift */; };
		A6EAD6DE2AA0CB3300B10C68 /* Assets.xcassets in Resources */ = {isa = PBXBuildFile; fileRef = A6EAD6DD2AA0CB3300B10C68 /* Assets.xcassets */; };
		A6EAD6E12AA0CB3300B10C68 /* Preview Assets.xcassets in Resources */ = {isa = PBXBuildFile; fileRef = A6EAD6E02AA0CB3300B10C68 /* Preview Assets.xcassets */; };
		A6EAD6EB2AA0CB3300B10C68 /* AssessmentDemoTests.swift in Sources */ = {isa = PBXBuildFile; fileRef = A6EAD6EA2AA0CB3300B10C68 /* AssessmentDemoTests.swift */; };
		A6EAD6F52AA0CB3300B10C68 /* AssessmentDemoUITests.swift in Sources */ = {isa = PBXBuildFile; fileRef = A6EAD6F42AA0CB3300B10C68 /* AssessmentDemoUITests.swift */; };
		A6EAD6F72AA0CB3300B10C68 /* AssessmentDemoUITestsLaunchTests.swift in Sources */ = {isa = PBXBuildFile; fileRef = A6EAD6F62AA0CB3300B10C68 /* AssessmentDemoUITestsLaunchTests.swift */; };
/* End PBXBuildFile section */

/* Begin PBXContainerItemProxy section */
		A6EAD6E72AA0CB3300B10C68 /* PBXContainerItemProxy */ = {
			isa = PBXContainerItemProxy;
			containerPortal = A6EAD6CE2AA0CB3100B10C68 /* Project object */;
			proxyType = 1;
			remoteGlobalIDString = A6EAD6D52AA0CB3100B10C68;
			remoteInfo = AssessmentDemo;
		};
		A6EAD6F12AA0CB3300B10C68 /* PBXContainerItemProxy */ = {
			isa = PBXContainerItemProxy;
			containerPortal = A6EAD6CE2AA0CB3100B10C68 /* Project object */;
			proxyType = 1;
			remoteGlobalIDString = A6EAD6D52AA0CB3100B10C68;
			remoteInfo = AssessmentDemo;
		};
/* End PBXContainerItemProxy section */

/* Begin PBXFileReference section */
		A606967C2ABD5BA800AF8D6A /* Coordinator.swift */ = {isa = PBXFileReference; lastKnownFileType = sourcecode.swift; path = Coordinator.swift; sourceTree = "<group>"; };
		A606967E2ABD61B200AF8D6A /* CoordinatorView.swift */ = {isa = PBXFileReference; lastKnownFileType = sourcecode.swift; path = CoordinatorView.swift; sourceTree = "<group>"; };
		A64F4D7C2AA0D67F005E81BF /* AssessmentAuthentication */ = {isa = PBXFileReference; lastKnownFileType = wrapper; name = AssessmentAuthentication; path = ../AssessmentAuthentication; sourceTree = "<group>"; };
		A64F4D7D2AA0D6C2005E81BF /* AssessmentHome */ = {isa = PBXFileReference; lastKnownFileType = wrapper; name = AssessmentHome; path = ../AssessmentHome; sourceTree = "<group>"; };
		A668AA952AA0E87B005D71BD /* AssessmentCore */ = {isa = PBXFileReference; lastKnownFileType = wrapper; name = AssessmentCore; path = ../AssessmentCore; sourceTree = "<group>"; };
		A6D8DD0D2AAB22E0006B23D5 /* GoogleService-Info.plist */ = {isa = PBXFileReference; fileEncoding = 4; lastKnownFileType = text.plist.xml; path = "GoogleService-Info.plist"; sourceTree = "<group>"; };
		A6EAD6D62AA0CB3100B10C68 /* AssessmentDemo.app */ = {isa = PBXFileReference; explicitFileType = wrapper.application; includeInIndex = 0; path = AssessmentDemo.app; sourceTree = BUILT_PRODUCTS_DIR; };
		A6EAD6D92AA0CB3100B10C68 /* AssessmentDemoApp.swift */ = {isa = PBXFileReference; lastKnownFileType = sourcecode.swift; path = AssessmentDemoApp.swift; sourceTree = "<group>"; };
		A6EAD6DB2AA0CB3100B10C68 /* ContentView.swift */ = {isa = PBXFileReference; lastKnownFileType = sourcecode.swift; path = ContentView.swift; sourceTree = "<group>"; };
		A6EAD6DD2AA0CB3300B10C68 /* Assets.xcassets */ = {isa = PBXFileReference; lastKnownFileType = folder.assetcatalog; path = Assets.xcassets; sourceTree = "<group>"; };
		A6EAD6E02AA0CB3300B10C68 /* Preview Assets.xcassets */ = {isa = PBXFileReference; lastKnownFileType = folder.assetcatalog; path = "Preview Assets.xcassets"; sourceTree = "<group>"; };
		A6EAD6E62AA0CB3300B10C68 /* AssessmentDemoTests.xctest */ = {isa = PBXFileReference; explicitFileType = wrapper.cfbundle; includeInIndex = 0; path = AssessmentDemoTests.xctest; sourceTree = BUILT_PRODUCTS_DIR; };
		A6EAD6EA2AA0CB3300B10C68 /* AssessmentDemoTests.swift */ = {isa = PBXFileReference; lastKnownFileType = sourcecode.swift; path = AssessmentDemoTests.swift; sourceTree = "<group>"; };
		A6EAD6F02AA0CB3300B10C68 /* AssessmentDemoUITests.xctest */ = {isa = PBXFileReference; explicitFileType = wrapper.cfbundle; includeInIndex = 0; path = AssessmentDemoUITests.xctest; sourceTree = BUILT_PRODUCTS_DIR; };
		A6EAD6F42AA0CB3300B10C68 /* AssessmentDemoUITests.swift */ = {isa = PBXFileReference; lastKnownFileType = sourcecode.swift; path = AssessmentDemoUITests.swift; sourceTree = "<group>"; };
		A6EAD6F62AA0CB3300B10C68 /* AssessmentDemoUITestsLaunchTests.swift */ = {isa = PBXFileReference; lastKnownFileType = sourcecode.swift; path = AssessmentDemoUITestsLaunchTests.swift; sourceTree = "<group>"; };
/* End PBXFileReference section */

/* Begin PBXFrameworksBuildPhase section */
		A6EAD6D32AA0CB3100B10C68 /* Frameworks */ = {
			isa = PBXFrameworksBuildPhase;
			buildActionMask = 2147483647;
			files = (
				A668AAA82AA5D819005D71BD /* AssessmentAuthentication in Frameworks */,
				A6D8785F2AB03085009E807A /* AssessmentHome in Frameworks */,
			);
			runOnlyForDeploymentPostprocessing = 0;
		};
		A6EAD6E32AA0CB3300B10C68 /* Frameworks */ = {
			isa = PBXFrameworksBuildPhase;
			buildActionMask = 2147483647;
			files = (
			);
			runOnlyForDeploymentPostprocessing = 0;
		};
		A6EAD6ED2AA0CB3300B10C68 /* Frameworks */ = {
			isa = PBXFrameworksBuildPhase;
			buildActionMask = 2147483647;
			files = (
			);
			runOnlyForDeploymentPostprocessing = 0;
		};
/* End PBXFrameworksBuildPhase section */

/* Begin PBXGroup section */
		A606967B2ABD5B8200AF8D6A /* Navigation */ = {
			isa = PBXGroup;
			children = (
				A606967C2ABD5BA800AF8D6A /* Coordinator.swift */,
				A606967E2ABD61B200AF8D6A /* CoordinatorView.swift */,
			);
			path = Navigation;
			sourceTree = "<group>";
		};
		A668AA962AA0EDC3005D71BD /* Application */ = {
			isa = PBXGroup;
			children = (
				A606967B2ABD5B8200AF8D6A /* Navigation */,
				A6EAD6D92AA0CB3100B10C68 /* AssessmentDemoApp.swift */,
				A6EAD6DB2AA0CB3100B10C68 /* ContentView.swift */,
			);
			path = Application;
			sourceTree = "<group>";
		};
		A668AAA62AA5D819005D71BD /* Frameworks */ = {
			isa = PBXGroup;
			children = (
			);
			name = Frameworks;
			sourceTree = "<group>";
		};
		A6D8DD0C2AAB22D4006B23D5 /* Resources */ = {
			isa = PBXGroup;
			children = (
				A6D8DD0D2AAB22E0006B23D5 /* GoogleService-Info.plist */,
			);
			path = Resources;
			sourceTree = "<group>";
		};
		A6EAD6CD2AA0CB3100B10C68 = {
			isa = PBXGroup;
			children = (
				A668AA952AA0E87B005D71BD /* AssessmentCore */,
				A64F4D7D2AA0D6C2005E81BF /* AssessmentHome */,
				A64F4D7C2AA0D67F005E81BF /* AssessmentAuthentication */,
				A6EAD6D82AA0CB3100B10C68 /* AssessmentDemo */,
				A6EAD6E92AA0CB3300B10C68 /* AssessmentDemoTests */,
				A6EAD6F32AA0CB3300B10C68 /* AssessmentDemoUITests */,
				A6EAD6D72AA0CB3100B10C68 /* Products */,
				A668AAA62AA5D819005D71BD /* Frameworks */,
			);
			sourceTree = "<group>";
		};
		A6EAD6D72AA0CB3100B10C68 /* Products */ = {
			isa = PBXGroup;
			children = (
				A6EAD6D62AA0CB3100B10C68 /* AssessmentDemo.app */,
				A6EAD6E62AA0CB3300B10C68 /* AssessmentDemoTests.xctest */,
				A6EAD6F02AA0CB3300B10C68 /* AssessmentDemoUITests.xctest */,
			);
			name = Products;
			sourceTree = "<group>";
		};
		A6EAD6D82AA0CB3100B10C68 /* AssessmentDemo */ = {
			isa = PBXGroup;
			children = (
				A6D8DD0C2AAB22D4006B23D5 /* Resources */,
				A668AA962AA0EDC3005D71BD /* Application */,
				A6EAD6DD2AA0CB3300B10C68 /* Assets.xcassets */,
				A6EAD6DF2AA0CB3300B10C68 /* Preview Content */,
			);
			path = AssessmentDemo;
			sourceTree = "<group>";
		};
		A6EAD6DF2AA0CB3300B10C68 /* Preview Content */ = {
			isa = PBXGroup;
			children = (
				A6EAD6E02AA0CB3300B10C68 /* Preview Assets.xcassets */,
			);
			path = "Preview Content";
			sourceTree = "<group>";
		};
		A6EAD6E92AA0CB3300B10C68 /* AssessmentDemoTests */ = {
			isa = PBXGroup;
			children = (
				A6EAD6EA2AA0CB3300B10C68 /* AssessmentDemoTests.swift */,
			);
			path = AssessmentDemoTests;
			sourceTree = "<group>";
		};
		A6EAD6F32AA0CB3300B10C68 /* AssessmentDemoUITests */ = {
			isa = PBXGroup;
			children = (
				A6EAD6F42AA0CB3300B10C68 /* AssessmentDemoUITests.swift */,
				A6EAD6F62AA0CB3300B10C68 /* AssessmentDemoUITestsLaunchTests.swift */,
			);
			path = AssessmentDemoUITests;
			sourceTree = "<group>";
		};
/* End PBXGroup section */

/* Begin PBXNativeTarget section */
		A6EAD6D52AA0CB3100B10C68 /* AssessmentDemo */ = {
			isa = PBXNativeTarget;
			buildConfigurationList = A6EAD6FA2AA0CB3300B10C68 /* Build configuration list for PBXNativeTarget "AssessmentDemo" */;
			buildPhases = (
				A6EAD6D22AA0CB3100B10C68 /* Sources */,
				A6EAD6D32AA0CB3100B10C68 /* Frameworks */,
				A6EAD6D42AA0CB3100B10C68 /* Resources */,
			);
			buildRules = (
			);
			dependencies = (
			);
			name = AssessmentDemo;
			packageProductDependencies = (
				A668AAA72AA5D819005D71BD /* AssessmentAuthentication */,
				A6D8785E2AB03085009E807A /* AssessmentHome */,
			);
			productName = AssessmentDemo;
			productReference = A6EAD6D62AA0CB3100B10C68 /* AssessmentDemo.app */;
			productType = "com.apple.product-type.application";
		};
		A6EAD6E52AA0CB3300B10C68 /* AssessmentDemoTests */ = {
			isa = PBXNativeTarget;
			buildConfigurationList = A6EAD6FD2AA0CB3300B10C68 /* Build configuration list for PBXNativeTarget "AssessmentDemoTests" */;
			buildPhases = (
				A6EAD6E22AA0CB3300B10C68 /* Sources */,
				A6EAD6E32AA0CB3300B10C68 /* Frameworks */,
				A6EAD6E42AA0CB3300B10C68 /* Resources */,
			);
			buildRules = (
			);
			dependencies = (
				A6EAD6E82AA0CB3300B10C68 /* PBXTargetDependency */,
			);
			name = AssessmentDemoTests;
			productName = AssessmentDemoTests;
			productReference = A6EAD6E62AA0CB3300B10C68 /* AssessmentDemoTests.xctest */;
			productType = "com.apple.product-type.bundle.unit-test";
		};
		A6EAD6EF2AA0CB3300B10C68 /* AssessmentDemoUITests */ = {
			isa = PBXNativeTarget;
			buildConfigurationList = A6EAD7002AA0CB3300B10C68 /* Build configuration list for PBXNativeTarget "AssessmentDemoUITests" */;
			buildPhases = (
				A6EAD6EC2AA0CB3300B10C68 /* Sources */,
				A6EAD6ED2AA0CB3300B10C68 /* Frameworks */,
				A6EAD6EE2AA0CB3300B10C68 /* Resources */,
			);
			buildRules = (
			);
			dependencies = (
				A6EAD6F22AA0CB3300B10C68 /* PBXTargetDependency */,
			);
			name = AssessmentDemoUITests;
			productName = AssessmentDemoUITests;
			productReference = A6EAD6F02AA0CB3300B10C68 /* AssessmentDemoUITests.xctest */;
			productType = "com.apple.product-type.bundle.ui-testing";
		};
/* End PBXNativeTarget section */

/* Begin PBXProject section */
		A6EAD6CE2AA0CB3100B10C68 /* Project object */ = {
			isa = PBXProject;
			attributes = {
				BuildIndependentTargetsInParallel = 1;
				LastSwiftUpdateCheck = 1420;
				LastUpgradeCheck = 1420;
				TargetAttributes = {
					A6EAD6D52AA0CB3100B10C68 = {
						CreatedOnToolsVersion = 14.2;
					};
					A6EAD6E52AA0CB3300B10C68 = {
						CreatedOnToolsVersion = 14.2;
						TestTargetID = A6EAD6D52AA0CB3100B10C68;
					};
					A6EAD6EF2AA0CB3300B10C68 = {
						CreatedOnToolsVersion = 14.2;
						TestTargetID = A6EAD6D52AA0CB3100B10C68;
					};
				};
			};
			buildConfigurationList = A6EAD6D12AA0CB3100B10C68 /* Build configuration list for PBXProject "AssessmentDemo" */;
			compatibilityVersion = "Xcode 14.0";
			developmentRegion = en;
			hasScannedForEncodings = 0;
			knownRegions = (
				en,
				Base,
			);
			mainGroup = A6EAD6CD2AA0CB3100B10C68;
			productRefGroup = A6EAD6D72AA0CB3100B10C68 /* Products */;
			projectDirPath = "";
			projectRoot = "";
			targets = (
				A6EAD6D52AA0CB3100B10C68 /* AssessmentDemo */,
				A6EAD6E52AA0CB3300B10C68 /* AssessmentDemoTests */,
				A6EAD6EF2AA0CB3300B10C68 /* AssessmentDemoUITests */,
			);
		};
/* End PBXProject section */

/* Begin PBXResourcesBuildPhase section */
		A6EAD6D42AA0CB3100B10C68 /* Resources */ = {
			isa = PBXResourcesBuildPhase;
			buildActionMask = 2147483647;
			files = (
				A6EAD6E12AA0CB3300B10C68 /* Preview Assets.xcassets in Resources */,
				A6EAD6DE2AA0CB3300B10C68 /* Assets.xcassets in Resources */,
				A6D8DD0E2AAB22E1006B23D5 /* GoogleService-Info.plist in Resources */,
			);
			runOnlyForDeploymentPostprocessing = 0;
		};
		A6EAD6E42AA0CB3300B10C68 /* Resources */ = {
			isa = PBXResourcesBuildPhase;
			buildActionMask = 2147483647;
			files = (
			);
			runOnlyForDeploymentPostprocessing = 0;
		};
		A6EAD6EE2AA0CB3300B10C68 /* Resources */ = {
			isa = PBXResourcesBuildPhase;
			buildActionMask = 2147483647;
			files = (
			);
			runOnlyForDeploymentPostprocessing = 0;
		};
/* End PBXResourcesBuildPhase section */

/* Begin PBXSourcesBuildPhase section */
		A6EAD6D22AA0CB3100B10C68 /* Sources */ = {
			isa = PBXSourcesBuildPhase;
			buildActionMask = 2147483647;
			files = (
				A6EAD6DC2AA0CB3100B10C68 /* ContentView.swift in Sources */,
				A6EAD6DA2AA0CB3100B10C68 /* AssessmentDemoApp.swift in Sources */,
				A606967D2ABD5BA800AF8D6A /* Coordinator.swift in Sources */,
				A606967F2ABD61B200AF8D6A /* CoordinatorView.swift in Sources */,
			);
			runOnlyForDeploymentPostprocessing = 0;
		};
		A6EAD6E22AA0CB3300B10C68 /* Sources */ = {
			isa = PBXSourcesBuildPhase;
			buildActionMask = 2147483647;
			files = (
				A6EAD6EB2AA0CB3300B10C68 /* AssessmentDemoTests.swift in Sources */,
			);
			runOnlyForDeploymentPostprocessing = 0;
		};
		A6EAD6EC2AA0CB3300B10C68 /* Sources */ = {
			isa = PBXSourcesBuildPhase;
			buildActionMask = 2147483647;
			files = (
				A6EAD6F52AA0CB3300B10C68 /* AssessmentDemoUITests.swift in Sources */,
				A6EAD6F72AA0CB3300B10C68 /* AssessmentDemoUITestsLaunchTests.swift in Sources */,
			);
			runOnlyForDeploymentPostprocessing = 0;
		};
/* End PBXSourcesBuildPhase section */

/* Begin PBXTargetDependency section */
		A6EAD6E82AA0CB3300B10C68 /* PBXTargetDependency */ = {
			isa = PBXTargetDependency;
			target = A6EAD6D52AA0CB3100B10C68 /* AssessmentDemo */;
			targetProxy = A6EAD6E72AA0CB3300B10C68 /* PBXContainerItemProxy */;
		};
		A6EAD6F22AA0CB3300B10C68 /* PBXTargetDependency */ = {
			isa = PBXTargetDependency;
			target = A6EAD6D52AA0CB3100B10C68 /* AssessmentDemo */;
			targetProxy = A6EAD6F12AA0CB3300B10C68 /* PBXContainerItemProxy */;
		};
/* End PBXTargetDependency section */

/* Begin XCBuildConfiguration section */
		A6EAD6F82AA0CB3300B10C68 /* Debug */ = {
			isa = XCBuildConfiguration;
			buildSettings = {
				ALWAYS_SEARCH_USER_PATHS = NO;
				CLANG_ANALYZER_NONNULL = YES;
				CLANG_ANALYZER_NUMBER_OBJECT_CONVERSION = YES_AGGRESSIVE;
				CLANG_CXX_LANGUAGE_STANDARD = "gnu++20";
				CLANG_ENABLE_MODULES = YES;
				CLANG_ENABLE_OBJC_ARC = YES;
				CLANG_ENABLE_OBJC_WEAK = YES;
				CLANG_WARN_BLOCK_CAPTURE_AUTORELEASING = YES;
				CLANG_WARN_BOOL_CONVERSION = YES;
				CLANG_WARN_COMMA = YES;
				CLANG_WARN_CONSTANT_CONVERSION = YES;
				CLANG_WARN_DEPRECATED_OBJC_IMPLEMENTATIONS = YES;
				CLANG_WARN_DIRECT_OBJC_ISA_USAGE = YES_ERROR;
				CLANG_WARN_DOCUMENTATION_COMMENTS = YES;
				CLANG_WARN_EMPTY_BODY = YES;
				CLANG_WARN_ENUM_CONVERSION = YES;
				CLANG_WARN_INFINITE_RECURSION = YES;
				CLANG_WARN_INT_CONVERSION = YES;
				CLANG_WARN_NON_LITERAL_NULL_CONVERSION = YES;
				CLANG_WARN_OBJC_IMPLICIT_RETAIN_SELF = YES;
				CLANG_WARN_OBJC_LITERAL_CONVERSION = YES;
				CLANG_WARN_OBJC_ROOT_CLASS = YES_ERROR;
				CLANG_WARN_QUOTED_INCLUDE_IN_FRAMEWORK_HEADER = YES;
				CLANG_WARN_RANGE_LOOP_ANALYSIS = YES;
				CLANG_WARN_STRICT_PROTOTYPES = YES;
				CLANG_WARN_SUSPICIOUS_MOVE = YES;
				CLANG_WARN_UNGUARDED_AVAILABILITY = YES_AGGRESSIVE;
				CLANG_WARN_UNREACHABLE_CODE = YES;
				CLANG_WARN__DUPLICATE_METHOD_MATCH = YES;
				COPY_PHASE_STRIP = NO;
				DEBUG_INFORMATION_FORMAT = dwarf;
				ENABLE_STRICT_OBJC_MSGSEND = YES;
				ENABLE_TESTABILITY = YES;
				GCC_C_LANGUAGE_STANDARD = gnu11;
				GCC_DYNAMIC_NO_PIC = NO;
				GCC_NO_COMMON_BLOCKS = YES;
				GCC_OPTIMIZATION_LEVEL = 0;
				GCC_PREPROCESSOR_DEFINITIONS = (
					"DEBUG=1",
					"$(inherited)",
				);
				GCC_WARN_64_TO_32_BIT_CONVERSION = YES;
				GCC_WARN_ABOUT_RETURN_TYPE = YES_ERROR;
				GCC_WARN_UNDECLARED_SELECTOR = YES;
				GCC_WARN_UNINITIALIZED_AUTOS = YES_AGGRESSIVE;
				GCC_WARN_UNUSED_FUNCTION = YES;
				GCC_WARN_UNUSED_VARIABLE = YES;
				IPHONEOS_DEPLOYMENT_TARGET = 16.2;
				MTL_ENABLE_DEBUG_INFO = INCLUDE_SOURCE;
				MTL_FAST_MATH = YES;
				ONLY_ACTIVE_ARCH = YES;
				SDKROOT = iphoneos;
				SWIFT_ACTIVE_COMPILATION_CONDITIONS = DEBUG;
				SWIFT_OPTIMIZATION_LEVEL = "-Onone";
			};
			name = Debug;
		};
		A6EAD6F92AA0CB3300B10C68 /* Release */ = {
			isa = XCBuildConfiguration;
			buildSettings = {
				ALWAYS_SEARCH_USER_PATHS = NO;
				CLANG_ANALYZER_NONNULL = YES;
				CLANG_ANALYZER_NUMBER_OBJECT_CONVERSION = YES_AGGRESSIVE;
				CLANG_CXX_LANGUAGE_STANDARD = "gnu++20";
				CLANG_ENABLE_MODULES = YES;
				CLANG_ENABLE_OBJC_ARC = YES;
				CLANG_ENABLE_OBJC_WEAK = YES;
				CLANG_WARN_BLOCK_CAPTURE_AUTORELEASING = YES;
				CLANG_WARN_BOOL_CONVERSION = YES;
				CLANG_WARN_COMMA = YES;
				CLANG_WARN_CONSTANT_CONVERSION = YES;
				CLANG_WARN_DEPRECATED_OBJC_IMPLEMENTATIONS = YES;
				CLANG_WARN_DIRECT_OBJC_ISA_USAGE = YES_ERROR;
				CLANG_WARN_DOCUMENTATION_COMMENTS = YES;
				CLANG_WARN_EMPTY_BODY = YES;
				CLANG_WARN_ENUM_CONVERSION = YES;
				CLANG_WARN_INFINITE_RECURSION = YES;
				CLANG_WARN_INT_CONVERSION = YES;
				CLANG_WARN_NON_LITERAL_NULL_CONVERSION = YES;
				CLANG_WARN_OBJC_IMPLICIT_RETAIN_SELF = YES;
				CLANG_WARN_OBJC_LITERAL_CONVERSION = YES;
				CLANG_WARN_OBJC_ROOT_CLASS = YES_ERROR;
				CLANG_WARN_QUOTED_INCLUDE_IN_FRAMEWORK_HEADER = YES;
				CLANG_WARN_RANGE_LOOP_ANALYSIS = YES;
				CLANG_WARN_STRICT_PROTOTYPES = YES;
				CLANG_WARN_SUSPICIOUS_MOVE = YES;
				CLANG_WARN_UNGUARDED_AVAILABILITY = YES_AGGRESSIVE;
				CLANG_WARN_UNREACHABLE_CODE = YES;
				CLANG_WARN__DUPLICATE_METHOD_MATCH = YES;
				COPY_PHASE_STRIP = NO;
				DEBUG_INFORMATION_FORMAT = "dwarf-with-dsym";
				ENABLE_NS_ASSERTIONS = NO;
				ENABLE_STRICT_OBJC_MSGSEND = YES;
				GCC_C_LANGUAGE_STANDARD = gnu11;
				GCC_NO_COMMON_BLOCKS = YES;
				GCC_WARN_64_TO_32_BIT_CONVERSION = YES;
				GCC_WARN_ABOUT_RETURN_TYPE = YES_ERROR;
				GCC_WARN_UNDECLARED_SELECTOR = YES;
				GCC_WARN_UNINITIALIZED_AUTOS = YES_AGGRESSIVE;
				GCC_WARN_UNUSED_FUNCTION = YES;
				GCC_WARN_UNUSED_VARIABLE = YES;
				IPHONEOS_DEPLOYMENT_TARGET = 16.2;
				MTL_ENABLE_DEBUG_INFO = NO;
				MTL_FAST_MATH = YES;
				SDKROOT = iphoneos;
				SWIFT_COMPILATION_MODE = wholemodule;
				SWIFT_OPTIMIZATION_LEVEL = "-O";
				VALIDATE_PRODUCT = YES;
			};
			name = Release;
		};
		A6EAD6FB2AA0CB3300B10C68 /* Debug */ = {
			isa = XCBuildConfiguration;
			buildSettings = {
				ASSETCATALOG_COMPILER_APPICON_NAME = AppIcon;
				ASSETCATALOG_COMPILER_GLOBAL_ACCENT_COLOR_NAME = AccentColor;
				CODE_SIGN_STYLE = Manual;
				CURRENT_PROJECT_VERSION = 1;
				DEVELOPMENT_ASSET_PATHS = "\"AssessmentDemo/Preview Content\"";
				DEVELOPMENT_TEAM = "";
				ENABLE_PREVIEWS = YES;
				GENERATE_INFOPLIST_FILE = YES;
				INFOPLIST_KEY_UIApplicationSceneManifest_Generation = YES;
				INFOPLIST_KEY_UIApplicationSupportsIndirectInputEvents = YES;
				INFOPLIST_KEY_UILaunchScreen_Generation = YES;
				INFOPLIST_KEY_UISupportedInterfaceOrientations_iPad = "UIInterfaceOrientationPortrait UIInterfaceOrientationPortraitUpsideDown UIInterfaceOrientationLandscapeLeft UIInterfaceOrientationLandscapeRight";
				INFOPLIST_KEY_UISupportedInterfaceOrientations_iPhone = "UIInterfaceOrientationPortrait UIInterfaceOrientationLandscapeLeft UIInterfaceOrientationLandscapeRight";
				LD_RUNPATH_SEARCH_PATHS = (
					"$(inherited)",
					"@executable_path/Frameworks",
				);
				MARKETING_VERSION = 1.0;
				PRODUCT_BUNDLE_IDENTIFIER = com.gray.assessmentDemo;
				PRODUCT_NAME = "$(TARGET_NAME)";
				PROVISIONING_PROFILE_SPECIFIER = "";
				SWIFT_EMIT_LOC_STRINGS = YES;
				SWIFT_VERSION = 5.0;
				TARGETED_DEVICE_FAMILY = "1,2";
			};
			name = Debug;
		};
		A6EAD6FC2AA0CB3300B10C68 /* Release */ = {
			isa = XCBuildConfiguration;
			buildSettings = {
				ASSETCATALOG_COMPILER_APPICON_NAME = AppIcon;
				ASSETCATALOG_COMPILER_GLOBAL_ACCENT_COLOR_NAME = AccentColor;
				CODE_SIGN_STYLE = Manual;
				CURRENT_PROJECT_VERSION = 1;
				DEVELOPMENT_ASSET_PATHS = "\"AssessmentDemo/Preview Content\"";
				DEVELOPMENT_TEAM = "";
				ENABLE_PREVIEWS = YES;
				GENERATE_INFOPLIST_FILE = YES;
				INFOPLIST_KEY_UIApplicationSceneManifest_Generation = YES;
				INFOPLIST_KEY_UIApplicationSupportsIndirectInputEvents = YES;
				INFOPLIST_KEY_UILaunchScreen_Generation = YES;
				INFOPLIST_KEY_UISupportedInterfaceOrientations_iPad = "UIInterfaceOrientationPortrait UIInterfaceOrientationPortraitUpsideDown UIInterfaceOrientationLandscapeLeft UIInterfaceOrientationLandscapeRight";
				INFOPLIST_KEY_UISupportedInterfaceOrientations_iPhone = "UIInterfaceOrientationPortrait UIInterfaceOrientationLandscapeLeft UIInterfaceOrientationLandscapeRight";
				LD_RUNPATH_SEARCH_PATHS = (
					"$(inherited)",
					"@executable_path/Frameworks",
				);
				MARKETING_VERSION = 1.0;
				PRODUCT_BUNDLE_IDENTIFIER = com.gray.assessmentDemo;
				PRODUCT_NAME = "$(TARGET_NAME)";
				PROVISIONING_PROFILE_SPECIFIER = "";
				SWIFT_EMIT_LOC_STRINGS = YES;
				SWIFT_VERSION = 5.0;
				TARGETED_DEVICE_FAMILY = "1,2";
			};
			name = Release;
		};
		A6EAD6FE2AA0CB3300B10C68 /* Debug */ = {
			isa = XCBuildConfiguration;
			buildSettings = {
				ALWAYS_EMBED_SWIFT_STANDARD_LIBRARIES = YES;
				BUNDLE_LOADER = "$(TEST_HOST)";
				CODE_SIGN_STYLE = Automatic;
				CURRENT_PROJECT_VERSION = 1;
				GENERATE_INFOPLIST_FILE = YES;
				IPHONEOS_DEPLOYMENT_TARGET = 16.2;
				MARKETING_VERSION = 1.0;
				PRODUCT_BUNDLE_IDENTIFIER = com.gray.assessment.AssessmentDemoTests;
				PRODUCT_NAME = "$(TARGET_NAME)";
				SWIFT_EMIT_LOC_STRINGS = NO;
				SWIFT_VERSION = 5.0;
				TARGETED_DEVICE_FAMILY = "1,2";
				TEST_HOST = "$(BUILT_PRODUCTS_DIR)/AssessmentDemo.app/$(BUNDLE_EXECUTABLE_FOLDER_PATH)/AssessmentDemo";
			};
			name = Debug;
		};
		A6EAD6FF2AA0CB3300B10C68 /* Release */ = {
			isa = XCBuildConfiguration;
			buildSettings = {
				ALWAYS_EMBED_SWIFT_STANDARD_LIBRARIES = YES;
				BUNDLE_LOADER = "$(TEST_HOST)";
				CODE_SIGN_STYLE = Automatic;
				CURRENT_PROJECT_VERSION = 1;
				GENERATE_INFOPLIST_FILE = YES;
				IPHONEOS_DEPLOYMENT_TARGET = 16.2;
				MARKETING_VERSION = 1.0;
				PRODUCT_BUNDLE_IDENTIFIER = com.gray.assessment.AssessmentDemoTests;
				PRODUCT_NAME = "$(TARGET_NAME)";
				SWIFT_EMIT_LOC_STRINGS = NO;
				SWIFT_VERSION = 5.0;
				TARGETED_DEVICE_FAMILY = "1,2";
				TEST_HOST = "$(BUILT_PRODUCTS_DIR)/AssessmentDemo.app/$(BUNDLE_EXECUTABLE_FOLDER_PATH)/AssessmentDemo";
			};
			name = Release;
		};
		A6EAD7012AA0CB3300B10C68 /* Debug */ = {
			isa = XCBuildConfiguration;
			buildSettings = {
				ALWAYS_EMBED_SWIFT_STANDARD_LIBRARIES = YES;
				CODE_SIGN_STYLE = Automatic;
				CURRENT_PROJECT_VERSION = 1;
				GENERATE_INFOPLIST_FILE = YES;
				MARKETING_VERSION = 1.0;
				PRODUCT_BUNDLE_IDENTIFIER = com.gray.assessment.AssessmentDemoUITests;
				PRODUCT_NAME = "$(TARGET_NAME)";
				SWIFT_EMIT_LOC_STRINGS = NO;
				SWIFT_VERSION = 5.0;
				TARGETED_DEVICE_FAMILY = "1,2";
				TEST_TARGET_NAME = AssessmentDemo;
			};
			name = Debug;
		};
		A6EAD7022AA0CB3300B10C68 /* Release */ = {
			isa = XCBuildConfiguration;
			buildSettings = {
				ALWAYS_EMBED_SWIFT_STANDARD_LIBRARIES = YES;
				CODE_SIGN_STYLE = Automatic;
				CURRENT_PROJECT_VERSION = 1;
				GENERATE_INFOPLIST_FILE = YES;
				MARKETING_VERSION = 1.0;
				PRODUCT_BUNDLE_IDENTIFIER = com.gray.assessment.AssessmentDemoUITests;
				PRODUCT_NAME = "$(TARGET_NAME)";
				SWIFT_EMIT_LOC_STRINGS = NO;
				SWIFT_VERSION = 5.0;
				TARGETED_DEVICE_FAMILY = "1,2";
				TEST_TARGET_NAME = AssessmentDemo;
			};
			name = Release;
		};
/* End XCBuildConfiguration section */

/* Begin XCConfigurationList section */
		A6EAD6D12AA0CB3100B10C68 /* Build configuration list for PBXProject "AssessmentDemo" */ = {
			isa = XCConfigurationList;
			buildConfigurations = (
				A6EAD6F82AA0CB3300B10C68 /* Debug */,
				A6EAD6F92AA0CB3300B10C68 /* Release */,
			);
			defaultConfigurationIsVisible = 0;
			defaultConfigurationName = Release;
		};
		A6EAD6FA2AA0CB3300B10C68 /* Build configuration list for PBXNativeTarget "AssessmentDemo" */ = {
			isa = XCConfigurationList;
			buildConfigurations = (
				A6EAD6FB2AA0CB3300B10C68 /* Debug */,
				A6EAD6FC2AA0CB3300B10C68 /* Release */,
			);
			defaultConfigurationIsVisible = 0;
			defaultConfigurationName = Release;
		};
		A6EAD6FD2AA0CB3300B10C68 /* Build configuration list for PBXNativeTarget "AssessmentDemoTests" */ = {
			isa = XCConfigurationList;
			buildConfigurations = (
				A6EAD6FE2AA0CB3300B10C68 /* Debug */,
				A6EAD6FF2AA0CB3300B10C68 /* Release */,
			);
			defaultConfigurationIsVisible = 0;
			defaultConfigurationName = Release;
		};
		A6EAD7002AA0CB3300B10C68 /* Build configuration list for PBXNativeTarget "AssessmentDemoUITests" */ = {
			isa = XCConfigurationList;
			buildConfigurations = (
				A6EAD7012AA0CB3300B10C68 /* Debug */,
				A6EAD7022AA0CB3300B10C68 /* Release */,
			);
			defaultConfigurationIsVisible = 0;
			defaultConfigurationName = Release;
		};
/* End XCConfigurationList section */

/* Begin XCSwiftPackageProductDependency section */
		A668AAA72AA5D819005D71BD /* AssessmentAuthentication */ = {
			isa = XCSwiftPackageProductDependency;
			productName = AssessmentAuthentication;
		};
		A6D8785E2AB03085009E807A /* AssessmentHome */ = {
			isa = XCSwiftPackageProductDependency;
			productName = AssessmentHome;
		};
/* End XCSwiftPackageProductDependency section */
	};
	rootObject = A6EAD6CE2AA0CB3100B10C68 /* Project object */;
}
